
Microsoft Visual Studio Solution File, Format Version 12.00
# Visual Studio 15
VisualStudioVersion = 15.0.27130.2026
MinimumVisualStudioVersion = 10.0.40219.1
Project("{9A19103F-16F7-4668-BE54-9A1E7A4F7556}") = "TimberControls.TimberLabel", "TimberControls.TimberLabel\TimberControls.TimberLabel.csproj", "{1196738D-F599-425F-BAB9-D06FD3365851}"
EndProject
Project("{FAE04EC0-301F-11D3-BF4B-00C04F79EFBC}") = "TimberControls.TimberLabel.Droid", "TimberControls.TimberLabel.Droid\TimberControls.TimberLabel.Droid.csproj", "{F6A3733F-D586-45EF-A1FA-299EC5E249D9}"
EndProject
Project("{FAE04EC0-301F-11D3-BF4B-00C04F79EFBC}") = "TimberControls.TimberLabel.iOS", "TimberControls.TimberLabel.iOS\TimberControls.TimberLabel.iOS.csproj", "{B42F3F09-D7F6-4B9F-A193-07100E8638F1}"
EndProject
Project("{2150E333-8FDC-42A3-9474-1A3956D46DE8}") = "Example", "Example", "{CA94D4DD-2191-43DA-935F-026D370280C7}"
EndProject
Project("{FAE04EC0-301F-11D3-BF4B-00C04F79EFBC}") = "TimberLabel.Example.Android", "..\Example\TimberLabel.Example\TimberLabel.Example.Android\TimberLabel.Example.Android.csproj", "{DF88821D-4BF6-4C25-BC54-7A5698A39C61}"
EndProject
Project("{FAE04EC0-301F-11D3-BF4B-00C04F79EFBC}") = "TimberLabel.Example.iOS", "..\Example\TimberLabel.Example\TimberLabel.Example.iOS\TimberLabel.Example.iOS.csproj", "{C208B84D-E147-420B-B89B-24CDABAC8B37}"
EndProject
Project("{9A19103F-16F7-4668-BE54-9A1E7A4F7556}") = "TimberLabel.Example", "..\Example\TimberLabel.Example\TimberLabel.Example\TimberLabel.Example.csproj", "{D69E5481-761B-4DD9-977B-BE1541307070}"
EndProject
Project("{FF286327-C783-4F7A-AB73-9BCBAD0D4460}") = "TimberLabel.Nuget", "TimberLabel.Nuget\TimberLabel.Nuget.nuproj", "{AB594338-37DD-4FAA-8330-F8CB1556AC44}"
EndProject
Global
	GlobalSection(SolutionConfigurationPlatforms) = preSolution
		Ad-Hoc|Any CPU = Ad-Hoc|Any CPU
		Ad-Hoc|iPhone = Ad-Hoc|iPhone
		Ad-Hoc|iPhoneSimulator = Ad-Hoc|iPhoneSimulator
		AppStore|Any CPU = AppStore|Any CPU
		AppStore|iPhone = AppStore|iPhone
		AppStore|iPhoneSimulator = AppStore|iPhoneSimulator
		Debug|Any CPU = Debug|Any CPU
		Debug|iPhone = Debug|iPhone
		Debug|iPhoneSimulator = Debug|iPhoneSimulator
		Release|Any CPU = Release|Any CPU
		Release|iPhone = Release|iPhone
		Release|iPhoneSimulator = Release|iPhoneSimulator
	EndGlobalSection
	GlobalSection(ProjectConfigurationPlatforms) = postSolution
		{1196738D-F599-425F-BAB9-D06FD3365851}.Ad-Hoc|Any CPU.ActiveCfg = Release|Any CPU
		{1196738D-F599-425F-BAB9-D06FD3365851}.Ad-Hoc|Any CPU.Build.0 = Release|Any CPU
		{1196738D-F599-425F-BAB9-D06FD3365851}.Ad-Hoc|iPhone.ActiveCfg = Release|Any CPU
		{1196738D-F599-425F-BAB9-D06FD3365851}.Ad-Hoc|iPhone.Build.0 = Release|Any CPU
		{1196738D-F599-425F-BAB9-D06FD3365851}.Ad-Hoc|iPhoneSimulator.ActiveCfg = Release|Any CPU
		{1196738D-F599-425F-BAB9-D06FD3365851}.Ad-Hoc|iPhoneSimulator.Build.0 = Release|Any CPU
		{1196738D-F599-425F-BAB9-D06FD3365851}.AppStore|Any CPU.ActiveCfg = Release|Any CPU
		{1196738D-F599-425F-BAB9-D06FD3365851}.AppStore|Any CPU.Build.0 = Release|Any CPU
		{1196738D-F599-425F-BAB9-D06FD3365851}.AppStore|iPhone.ActiveCfg = Release|Any CPU
		{1196738D-F599-425F-BAB9-D06FD3365851}.AppStore|iPhone.Build.0 = Release|Any CPU
		{1196738D-F599-425F-BAB9-D06FD3365851}.AppStore|iPhoneSimulator.ActiveCfg = Release|Any CPU
		{1196738D-F599-425F-BAB9-D06FD3365851}.AppStore|iPhoneSimulator.Build.0 = Release|Any CPU
		{1196738D-F599-425F-BAB9-D06FD3365851}.Debug|Any CPU.ActiveCfg = Debug|Any CPU
		{1196738D-F599-425F-BAB9-D06FD3365851}.Debug|Any CPU.Build.0 = Debug|Any CPU
		{1196738D-F599-425F-BAB9-D06FD3365851}.Debug|iPhone.ActiveCfg = Debug|Any CPU
		{1196738D-F599-425F-BAB9-D06FD3365851}.Debug|iPhone.Build.0 = Debug|Any CPU
		{1196738D-F599-425F-BAB9-D06FD3365851}.Debug|iPhoneSimulator.ActiveCfg = Debug|Any CPU
		{1196738D-F599-425F-BAB9-D06FD3365851}.Debug|iPhoneSimulator.Build.0 = Debug|Any CPU
		{1196738D-F599-425F-BAB9-D06FD3365851}.Release|Any CPU.ActiveCfg = Release|Any CPU
		{1196738D-F599-425F-BAB9-D06FD3365851}.Release|Any CPU.Build.0 = Release|Any CPU
		{1196738D-F599-425F-BAB9-D06FD3365851}.Release|iPhone.ActiveCfg = Release|Any CPU
		{1196738D-F599-425F-BAB9-D06FD3365851}.Release|iPhone.Build.0 = Release|Any CPU
		{1196738D-F599-425F-BAB9-D06FD3365851}.Release|iPhoneSimulator.ActiveCfg = Release|Any CPU
		{1196738D-F599-425F-BAB9-D06FD3365851}.Release|iPhoneSimulator.Build.0 = Release|Any CPU
		{F6A3733F-D586-45EF-A1FA-299EC5E249D9}.Ad-Hoc|Any CPU.ActiveCfg = Release|Any CPU
		{F6A3733F-D586-45EF-A1FA-299EC5E249D9}.Ad-Hoc|Any CPU.Build.0 = Release|Any CPU
		{F6A3733F-D586-45EF-A1FA-299EC5E249D9}.Ad-Hoc|iPhone.ActiveCfg = Release|Any CPU
		{F6A3733F-D586-45EF-A1FA-299EC5E249D9}.Ad-Hoc|iPhone.Build.0 = Release|Any CPU
		{F6A3733F-D586-45EF-A1FA-299EC5E249D9}.Ad-Hoc|iPhoneSimulator.ActiveCfg = Release|Any CPU
		{F6A3733F-D586-45EF-A1FA-299EC5E249D9}.Ad-Hoc|iPhoneSimulator.Build.0 = Release|Any CPU
		{F6A3733F-D586-45EF-A1FA-299EC5E249D9}.AppStore|Any CPU.ActiveCfg = Release|Any CPU
		{F6A3733F-D586-45EF-A1FA-299EC5E249D9}.AppStore|Any CPU.Build.0 = Release|Any CPU
		{F6A3733F-D586-45EF-A1FA-299EC5E249D9}.AppStore|iPhone.ActiveCfg = Release|Any CPU
		{F6A3733F-D586-45EF-A1FA-299EC5E249D9}.AppStore|iPhone.Build.0 = Release|Any CPU
		{F6A3733F-D586-45EF-A1FA-299EC5E249D9}.AppStore|iPhoneSimulator.ActiveCfg = Release|Any CPU
		{F6A3733F-D586-45EF-A1FA-299EC5E249D9}.AppStore|iPhoneSimulator.Build.0 = Release|Any CPU
		{F6A3733F-D586-45EF-A1FA-299EC5E249D9}.Debug|Any CPU.ActiveCfg = Debug|Any CPU
		{F6A3733F-D586-45EF-A1FA-299EC5E249D9}.Debug|Any CPU.Build.0 = Debug|Any CPU
		{F6A3733F-D586-45EF-A1FA-299EC5E249D9}.Debug|iPhone.ActiveCfg = Debug|Any CPU
		{F6A3733F-D586-45EF-A1FA-299EC5E249D9}.Debug|iPhone.Build.0 = Debug|Any CPU
		{F6A3733F-D586-45EF-A1FA-299EC5E249D9}.Debug|iPhoneSimulator.ActiveCfg = Debug|Any CPU
		{F6A3733F-D586-45EF-A1FA-299EC5E249D9}.Debug|iPhoneSimulator.Build.0 = Debug|Any CPU
		{F6A3733F-D586-45EF-A1FA-299EC5E249D9}.Release|Any CPU.ActiveCfg = Release|Any CPU
		{F6A3733F-D586-45EF-A1FA-299EC5E249D9}.Release|Any CPU.Build.0 = Release|Any CPU
		{F6A3733F-D586-45EF-A1FA-299EC5E249D9}.Release|iPhone.ActiveCfg = Release|Any CPU
		{F6A3733F-D586-45EF-A1FA-299EC5E249D9}.Release|iPhone.Build.0 = Release|Any CPU
		{F6A3733F-D586-45EF-A1FA-299EC5E249D9}.Release|iPhoneSimulator.ActiveCfg = Release|Any CPU
		{F6A3733F-D586-45EF-A1FA-299EC5E249D9}.Release|iPhoneSimulator.Build.0 = Release|Any CPU
		{B42F3F09-D7F6-4B9F-A193-07100E8638F1}.Ad-Hoc|Any CPU.ActiveCfg = Release|Any CPU
		{B42F3F09-D7F6-4B9F-A193-07100E8638F1}.Ad-Hoc|Any CPU.Build.0 = Release|Any CPU
		{B42F3F09-D7F6-4B9F-A193-07100E8638F1}.Ad-Hoc|iPhone.ActiveCfg = Release|Any CPU
		{B42F3F09-D7F6-4B9F-A193-07100E8638F1}.Ad-Hoc|iPhone.Build.0 = Release|Any CPU
		{B42F3F09-D7F6-4B9F-A193-07100E8638F1}.Ad-Hoc|iPhoneSimulator.ActiveCfg = Release|Any CPU
		{B42F3F09-D7F6-4B9F-A193-07100E8638F1}.Ad-Hoc|iPhoneSimulator.Build.0 = Release|Any CPU
		{B42F3F09-D7F6-4B9F-A193-07100E8638F1}.AppStore|Any CPU.ActiveCfg = Release|Any CPU
		{B42F3F09-D7F6-4B9F-A193-07100E8638F1}.AppStore|Any CPU.Build.0 = Release|Any CPU
		{B42F3F09-D7F6-4B9F-A193-07100E8638F1}.AppStore|iPhone.ActiveCfg = Release|Any CPU
		{B42F3F09-D7F6-4B9F-A193-07100E8638F1}.AppStore|iPhone.Build.0 = Release|Any CPU
		{B42F3F09-D7F6-4B9F-A193-07100E8638F1}.AppStore|iPhoneSimulator.ActiveCfg = Release|Any CPU
		{B42F3F09-D7F6-4B9F-A193-07100E8638F1}.AppStore|iPhoneSimulator.Build.0 = Release|Any CPU
		{B42F3F09-D7F6-4B9F-A193-07100E8638F1}.Debug|Any CPU.ActiveCfg = Debug|Any CPU
		{B42F3F09-D7F6-4B9F-A193-07100E8638F1}.Debug|Any CPU.Build.0 = Debug|Any CPU
		{B42F3F09-D7F6-4B9F-A193-07100E8638F1}.Debug|iPhone.ActiveCfg = Debug|Any CPU
		{B42F3F09-D7F6-4B9F-A193-07100E8638F1}.Debug|iPhone.Build.0 = Debug|Any CPU
		{B42F3F09-D7F6-4B9F-A193-07100E8638F1}.Debug|iPhoneSimulator.ActiveCfg = Debug|Any CPU
		{B42F3F09-D7F6-4B9F-A193-07100E8638F1}.Debug|iPhoneSimulator.Build.0 = Debug|Any CPU
		{B42F3F09-D7F6-4B9F-A193-07100E8638F1}.Release|Any CPU.ActiveCfg = Release|Any CPU
		{B42F3F09-D7F6-4B9F-A193-07100E8638F1}.Release|Any CPU.Build.0 = Release|Any CPU
		{B42F3F09-D7F6-4B9F-A193-07100E8638F1}.Release|iPhone.ActiveCfg = Release|Any CPU
		{B42F3F09-D7F6-4B9F-A193-07100E8638F1}.Release|iPhone.Build.0 = Release|Any CPU
		{B42F3F09-D7F6-4B9F-A193-07100E8638F1}.Release|iPhoneSimulator.ActiveCfg = Release|Any CPU
		{B42F3F09-D7F6-4B9F-A193-07100E8638F1}.Release|iPhoneSimulator.Build.0 = Release|Any CPU
		{DF88821D-4BF6-4C25-BC54-7A5698A39C61}.Ad-Hoc|Any CPU.ActiveCfg = Release|Any CPU
		{DF88821D-4BF6-4C25-BC54-7A5698A39C61}.Ad-Hoc|Any CPU.Build.0 = Release|Any CPU
		{DF88821D-4BF6-4C25-BC54-7A5698A39C61}.Ad-Hoc|Any CPU.Deploy.0 = Release|Any CPU
		{DF88821D-4BF6-4C25-BC54-7A5698A39C61}.Ad-Hoc|iPhone.ActiveCfg = Release|Any CPU
		{DF88821D-4BF6-4C25-BC54-7A5698A39C61}.Ad-Hoc|iPhone.Build.0 = Release|Any CPU
		{DF88821D-4BF6-4C25-BC54-7A5698A39C61}.Ad-Hoc|iPhone.Deploy.0 = Release|Any CPU
		{DF88821D-4BF6-4C25-BC54-7A5698A39C61}.Ad-Hoc|iPhoneSimulator.ActiveCfg = Release|Any CPU
		{DF88821D-4BF6-4C25-BC54-7A5698A39C61}.Ad-Hoc|iPhoneSimulator.Build.0 = Release|Any CPU
		{DF88821D-4BF6-4C25-BC54-7A5698A39C61}.Ad-Hoc|iPhoneSimulator.Deploy.0 = Release|Any CPU
		{DF88821D-4BF6-4C25-BC54-7A5698A39C61}.AppStore|Any CPU.ActiveCfg = Release|Any CPU
		{DF88821D-4BF6-4C25-BC54-7A5698A39C61}.AppStore|Any CPU.Build.0 = Release|Any CPU
		{DF88821D-4BF6-4C25-BC54-7A5698A39C61}.AppStore|Any CPU.Deploy.0 = Release|Any CPU
		{DF88821D-4BF6-4C25-BC54-7A5698A39C61}.AppStore|iPhone.ActiveCfg = Release|Any CPU
		{DF88821D-4BF6-4C25-BC54-7A5698A39C61}.AppStore|iPhone.Build.0 = Release|Any CPU
		{DF88821D-4BF6-4C25-BC54-7A5698A39C61}.AppStore|iPhone.Deploy.0 = Release|Any CPU
		{DF88821D-4BF6-4C25-BC54-7A5698A39C61}.AppStore|iPhoneSimulator.ActiveCfg = Release|Any CPU
		{DF88821D-4BF6-4C25-BC54-7A5698A39C61}.AppStore|iPhoneSimulator.Build.0 = Release|Any CPU
		{DF88821D-4BF6-4C25-BC54-7A5698A39C61}.AppStore|iPhoneSimulator.Deploy.0 = Release|Any CPU
		{DF88821D-4BF6-4C25-BC54-7A5698A39C61}.Debug|Any CPU.ActiveCfg = Debug|Any CPU
		{DF88821D-4BF6-4C25-BC54-7A5698A39C61}.Debug|Any CPU.Build.0 = Debug|Any CPU
		{DF88821D-4BF6-4C25-BC54-7A5698A39C61}.Debug|Any CPU.Deploy.0 = Debug|Any CPU
		{DF88821D-4BF6-4C25-BC54-7A5698A39C61}.Debug|iPhone.ActiveCfg = Debug|Any CPU
		{DF88821D-4BF6-4C25-BC54-7A5698A39C61}.Debug|iPhone.Build.0 = Debug|Any CPU
		{DF88821D-4BF6-4C25-BC54-7A5698A39C61}.Debug|iPhone.Deploy.0 = Debug|Any CPU
		{DF88821D-4BF6-4C25-BC54-7A5698A39C61}.Debug|iPhoneSimulator.ActiveCfg = Debug|Any CPU
		{DF88821D-4BF6-4C25-BC54-7A5698A39C61}.Debug|iPhoneSimulator.Build.0 = Debug|Any CPU
		{DF88821D-4BF6-4C25-BC54-7A5698A39C61}.Debug|iPhoneSimulator.Deploy.0 = Debug|Any CPU
		{DF88821D-4BF6-4C25-BC54-7A5698A39C61}.Release|Any CPU.ActiveCfg = Release|Any CPU
		{DF88821D-4BF6-4C25-BC54-7A5698A39C61}.Release|Any CPU.Build.0 = Release|Any CPU
		{DF88821D-4BF6-4C25-BC54-7A5698A39C61}.Release|Any CPU.Deploy.0 = Release|Any CPU
		{DF88821D-4BF6-4C25-BC54-7A5698A39C61}.Release|iPhone.ActiveCfg = Release|Any CPU
		{DF88821D-4BF6-4C25-BC54-7A5698A39C61}.Release|iPhone.Build.0 = Release|Any CPU
		{DF88821D-4BF6-4C25-BC54-7A5698A39C61}.Release|iPhone.Deploy.0 = Release|Any CPU
		{DF88821D-4BF6-4C25-BC54-7A5698A39C61}.Release|iPhoneSimulator.ActiveCfg = Release|Any CPU
		{DF88821D-4BF6-4C25-BC54-7A5698A39C61}.Release|iPhoneSimulator.Build.0 = Release|Any CPU
		{DF88821D-4BF6-4C25-BC54-7A5698A39C61}.Release|iPhoneSimulator.Deploy.0 = Release|Any CPU
		{C208B84D-E147-420B-B89B-24CDABAC8B37}.Ad-Hoc|Any CPU.ActiveCfg = Ad-Hoc|iPhone
		{C208B84D-E147-420B-B89B-24CDABAC8B37}.Ad-Hoc|iPhone.ActiveCfg = Ad-Hoc|iPhone
		{C208B84D-E147-420B-B89B-24CDABAC8B37}.Ad-Hoc|iPhone.Build.0 = Ad-Hoc|iPhone
		{C208B84D-E147-420B-B89B-24CDABAC8B37}.Ad-Hoc|iPhoneSimulator.ActiveCfg = Ad-Hoc|iPhoneSimulator
		{C208B84D-E147-420B-B89B-24CDABAC8B37}.Ad-Hoc|iPhoneSimulator.Build.0 = Ad-Hoc|iPhoneSimulator
		{C208B84D-E147-420B-B89B-24CDABAC8B37}.AppStore|Any CPU.ActiveCfg = AppStore|iPhone
		{C208B84D-E147-420B-B89B-24CDABAC8B37}.AppStore|iPhone.ActiveCfg = AppStore|iPhone
		{C208B84D-E147-420B-B89B-24CDABAC8B37}.AppStore|iPhone.Build.0 = AppStore|iPhone
		{C208B84D-E147-420B-B89B-24CDABAC8B37}.AppStore|iPhoneSimulator.ActiveCfg = AppStore|iPhoneSimulator
		{C208B84D-E147-420B-B89B-24CDABAC8B37}.AppStore|iPhoneSimulator.Build.0 = AppStore|iPhoneSimulator
		{C208B84D-E147-420B-B89B-24CDABAC8B37}.Debug|Any CPU.ActiveCfg = Debug|iPhone
		{C208B84D-E147-420B-B89B-24CDABAC8B37}.Debug|iPhone.ActiveCfg = Debug|iPhone
		{C208B84D-E147-420B-B89B-24CDABAC8B37}.Debug|iPhone.Build.0 = Debug|iPhone
		{C208B84D-E147-420B-B89B-24CDABAC8B37}.Debug|iPhoneSimulator.ActiveCfg = Debug|iPhoneSimulator
		{C208B84D-E147-420B-B89B-24CDABAC8B37}.Debug|iPhoneSimulator.Build.0 = Debug|iPhoneSimulator
		{C208B84D-E147-420B-B89B-24CDABAC8B37}.Release|Any CPU.ActiveCfg = Release|iPhone
		{C208B84D-E147-420B-B89B-24CDABAC8B37}.Release|iPhone.ActiveCfg = Release|iPhone
		{C208B84D-E147-420B-B89B-24CDABAC8B37}.Release|iPhone.Build.0 = Release|iPhone
		{C208B84D-E147-420B-B89B-24CDABAC8B37}.Release|iPhoneSimulator.ActiveCfg = Release|iPhoneSimulator
		{C208B84D-E147-420B-B89B-24CDABAC8B37}.Release|iPhoneSimulator.Build.0 = Release|iPhoneSimulator
		{D69E5481-761B-4DD9-977B-BE1541307070}.Ad-Hoc|Any CPU.ActiveCfg = Debug|Any CPU
		{D69E5481-761B-4DD9-977B-BE1541307070}.Ad-Hoc|Any CPU.Build.0 = Debug|Any CPU
		{D69E5481-761B-4DD9-977B-BE1541307070}.Ad-Hoc|iPhone.ActiveCfg = Debug|Any CPU
		{D69E5481-761B-4DD9-977B-BE1541307070}.Ad-Hoc|iPhone.Build.0 = Debug|Any CPU
		{D69E5481-761B-4DD9-977B-BE1541307070}.Ad-Hoc|iPhoneSimulator.ActiveCfg = Debug|Any CPU
		{D69E5481-761B-4DD9-977B-BE1541307070}.Ad-Hoc|iPhoneSimulator.Build.0 = Debug|Any CPU
		{D69E5481-761B-4DD9-977B-BE1541307070}.AppStore|Any CPU.ActiveCfg = Debug|Any CPU
		{D69E5481-761B-4DD9-977B-BE1541307070}.AppStore|Any CPU.Build.0 = Debug|Any CPU
		{D69E5481-761B-4DD9-977B-BE1541307070}.AppStore|iPhone.ActiveCfg = Debug|Any CPU
		{D69E5481-761B-4DD9-977B-BE1541307070}.AppStore|iPhone.Build.0 = Debug|Any CPU
		{D69E5481-761B-4DD9-977B-BE1541307070}.AppStore|iPhoneSimulator.ActiveCfg = Debug|Any CPU
		{D69E5481-761B-4DD9-977B-BE1541307070}.AppStore|iPhoneSimulator.Build.0 = Debug|Any CPU
		{D69E5481-761B-4DD9-977B-BE1541307070}.Debug|Any CPU.ActiveCfg = Debug|Any CPU
		{D69E5481-761B-4DD9-977B-BE1541307070}.Debug|Any CPU.Build.0 = Debug|Any CPU
		{D69E5481-761B-4DD9-977B-BE1541307070}.Debug|iPhone.ActiveCfg = Debug|Any CPU
		{D69E5481-761B-4DD9-977B-BE1541307070}.Debug|iPhone.Build.0 = Debug|Any CPU
		{D69E5481-761B-4DD9-977B-BE1541307070}.Debug|iPhoneSimulator.ActiveCfg = Debug|Any CPU
		{D69E5481-761B-4DD9-977B-BE1541307070}.Debug|iPhoneSimulator.Build.0 = Debug|Any CPU
		{D69E5481-761B-4DD9-977B-BE1541307070}.Release|Any CPU.ActiveCfg = Release|Any CPU
		{D69E5481-761B-4DD9-977B-BE1541307070}.Release|Any CPU.Build.0 = Release|Any CPU
		{D69E5481-761B-4DD9-977B-BE1541307070}.Release|iPhone.ActiveCfg = Release|Any CPU
		{D69E5481-761B-4DD9-977B-BE1541307070}.Release|iPhone.Build.0 = Release|Any CPU
		{D69E5481-761B-4DD9-977B-BE1541307070}.Release|iPhoneSimulator.ActiveCfg = Release|Any CPU
		{D69E5481-761B-4DD9-977B-BE1541307070}.Release|iPhoneSimulator.Build.0 = Release|Any CPU
		{AB594338-37DD-4FAA-8330-F8CB1556AC44}.Ad-Hoc|Any CPU.ActiveCfg = Debug|Any CPU
		{AB594338-37DD-4FAA-8330-F8CB1556AC44}.Ad-Hoc|Any CPU.Build.0 = Debug|Any CPU
		{AB594338-37DD-4FAA-8330-F8CB1556AC44}.Ad-Hoc|iPhone.ActiveCfg = Debug|Any CPU
		{AB594338-37DD-4FAA-8330-F8CB1556AC44}.Ad-Hoc|iPhone.Build.0 = Debug|Any CPU
		{AB594338-37DD-4FAA-8330-F8CB1556AC44}.Ad-Hoc|iPhoneSimulator.ActiveCfg = Debug|Any CPU
		{AB594338-37DD-4FAA-8330-F8CB1556AC44}.Ad-Hoc|iPhoneSimulator.Build.0 = Debug|Any CPU
		{AB594338-37DD-4FAA-8330-F8CB1556AC44}.AppStore|Any CPU.ActiveCfg = Debug|Any CPU
		{AB594338-37DD-4FAA-8330-F8CB1556AC44}.AppStore|Any CPU.Build.0 = Debug|Any CPU
		{AB594338-37DD-4FAA-8330-F8CB1556AC44}.AppStore|iPhone.ActiveCfg = Debug|Any CPU
		{AB594338-37DD-4FAA-8330-F8CB1556AC44}.AppStore|iPhone.Build.0 = Debug|Any CPU
		{AB594338-37DD-4FAA-8330-F8CB1556AC44}.AppStore|iPhoneSimulator.ActiveCfg = Debug|Any CPU
		{AB594338-37DD-4FAA-8330-F8CB1556AC44}.AppStore|iPhoneSimulator.Build.0 = Debug|Any CPU
		{AB594338-37DD-4FAA-8330-F8CB1556AC44}.Debug|Any CPU.ActiveCfg = Debug|Any CPU
		{AB594338-37DD-4FAA-8330-F8CB1556AC44}.Debug|Any CPU.Build.0 = Debug|Any CPU
		{AB594338-37DD-4FAA-8330-F8CB1556AC44}.Debug|iPhone.ActiveCfg = Debug|Any CPU
		{AB594338-37DD-4FAA-8330-F8CB1556AC44}.Debug|iPhone.Build.0 = Debug|Any CPU
		{AB594338-37DD-4FAA-8330-F8CB1556AC44}.Debug|iPhoneSimulator.ActiveCfg = Debug|Any CPU
		{AB594338-37DD-4FAA-8330-F8CB1556AC44}.Debug|iPhoneSimulator.Build.0 = Debug|Any CPU
		{AB594338-37DD-4FAA-8330-F8CB1556AC44}.Release|Any CPU.ActiveCfg = Release|Any CPU
		{AB594338-37DD-4FAA-8330-F8CB1556AC44}.Release|Any CPU.Build.0 = Release|Any CPU
		{AB594338-37DD-4FAA-8330-F8CB1556AC44}.Release|iPhone.ActiveCfg = Release|Any CPU
		{AB594338-37DD-4FAA-8330-F8CB1556AC44}.Release|iPhone.Build.0 = Release|Any CPU
		{AB594338-37DD-4FAA-8330-F8CB1556AC44}.Release|iPhoneSimulator.ActiveCfg = Release|Any CPU
		{AB594338-37DD-4FAA-8330-F8CB1556AC44}.Release|iPhoneSimulator.Build.0 = Release|Any CPU
	EndGlobalSection
	GlobalSection(SolutionProperties) = preSolution
		HideSolutionNode = FALSE
	EndGlobalSection
	GlobalSection(NestedProjects) = preSolution
		{DF88821D-4BF6-4C25-BC54-7A5698A39C61} = {CA94D4DD-2191-43DA-935F-026D370280C7}
		{C208B84D-E147-420B-B89B-24CDABAC8B37} = {CA94D4DD-2191-43DA-935F-026D370280C7}
		{D69E5481-761B-4DD9-977B-BE1541307070} = {CA94D4DD-2191-43DA-935F-026D370280C7}
	EndGlobalSection
	GlobalSection(ExtensibilityGlobals) = postSolution
		SolutionGuid = {DC626600-4929-495E-81F4-3B45294A7F09}
	EndGlobalSection
EndGlobal
